// !$*UTF8*$!
{
	archiveVersion = 1;
	classes = {
	};
	objectVersion = 77;
	objects = {

/* Begin PBXBuildFile section */
		00F6AF4C2EDDD6CC003B6EBE /* WidgetKit.framework in Frameworks */ = {isa = PBXBuildFile; fileRef = 00F6AF4B2EDDD6CC003B6EBE /* WidgetKit.framework */; };
		00F6AF4E2EDDD6CC003B6EBE /* SwiftUI.framework in Frameworks */ = {isa = PBXBuildFile; fileRef = 00F6AF4D2EDDD6CC003B6EBE /* SwiftUI.framework */; };
		00F6AF592EDDD6CD003B6EBE /* PulseWidgetExtension.appex in Embed Foundation Extensions */ = {isa = PBXBuildFile; fileRef = 00F6AF492EDDD6CC003B6EBE /* PulseWidgetExtension.appex */; settings = {ATTRIBUTES = (RemoveHeadersOnCopy, ); }; };
		00F6AF812EDDD9F5003B6EBE /* .gitignore in Resources */ = {isa = PBXBuildFile; fileRef = 00F6AF802EDDD9F5003B6EBE /* .gitignore */; };
		00F6AF832EDDDA27003B6EBE /* .gitattributes in Resources */ = {isa = PBXBuildFile; fileRef = 00F6AF822EDDDA27003B6EBE /* .gitattributes */; };
		00F6AF852EDDDA59003B6EBE /* README.md in Resources */ = {isa = PBXBuildFile; fileRef = 00F6AF842EDDDA59003B6EBE /* README.md */; };
		00F6AF892EDDDB45003B6EBE /* LICENSE in Resources */ = {isa = PBXBuildFile; fileRef = 00F6AF882EDDDB45003B6EBE /* LICENSE */; };
/* End PBXBuildFile section */

/* Begin PBXContainerItemProxy section */
		00F6AF262EDDD411003B6EBE /* PBXContainerItemProxy */ = {
			isa = PBXContainerItemProxy;
			containerPortal = 00F6AF0E2EDDD410003B6EBE /* Project object */;
			proxyType = 1;
			remoteGlobalIDString = 00F6AF152EDDD410003B6EBE;
			remoteInfo = Pulse;
		};
		00F6AF302EDDD411003B6EBE /* PBXContainerItemProxy */ = {
			isa = PBXContainerItemProxy;
			containerPortal = 00F6AF0E2EDDD410003B6EBE /* Project object */;
			proxyType = 1;
			remoteGlobalIDString = 00F6AF152EDDD410003B6EBE;
			remoteInfo = Pulse;
		};
		00F6AF572EDDD6CD003B6EBE /* PBXContainerItemProxy */ = {
			isa = PBXContainerItemProxy;
			containerPortal = 00F6AF0E2EDDD410003B6EBE /* Project object */;
			proxyType = 1;
			remoteGlobalIDString = 00F6AF482EDDD6CC003B6EBE;
			remoteInfo = PulseWidgetExtension;
		};
/* End PBXContainerItemProxy section */

/* Begin PBXCopyFilesBuildPhase section */
		00F6AF5E2EDDD6CD003B6EBE /* Embed Foundation Extensions */ = {
			isa = PBXCopyFilesBuildPhase;
			buildActionMask = 2147483647;
			dstPath = "";
			dstSubfolderSpec = 13;
			files = (
				00F6AF592EDDD6CD003B6EBE /* PulseWidgetExtension.appex in Embed Foundation Extensions */,
			);
			name = "Embed Foundation Extensions";
			runOnlyForDeploymentPostprocessing = 0;
		};
/* End PBXCopyFilesBuildPhase section */

/* Begin PBXFileReference section */
		00F6AF162EDDD410003B6EBE /* Pulse.app */ = {isa = PBXFileReference; explicitFileType = wrapper.application; includeInIndex = 0; path = Pulse.app; sourceTree = BUILT_PRODUCTS_DIR; };
		00F6AF252EDDD411003B6EBE /* PulseTests.xctest */ = {isa = PBXFileReference; explicitFileType = wrapper.cfbundle; includeInIndex = 0; path = PulseTests.xctest; sourceTree = BUILT_PRODUCTS_DIR; };
		00F6AF2F2EDDD411003B6EBE /* PulseUITests.xctest */ = {isa = PBXFileReference; explicitFileType = wrapper.cfbundle; includeInIndex = 0; path = PulseUITests.xctest; sourceTree = BUILT_PRODUCTS_DIR; };
		00F6AF492EDDD6CC003B6EBE /* PulseWidgetExtension.appex */ = {isa = PBXFileReference; explicitFileType = "wrapper.app-extension"; includeInIndex = 0; path = PulseWidgetExtension.appex; sourceTree = BUILT_PRODUCTS_DIR; };
		00F6AF4B2EDDD6CC003B6EBE /* WidgetKit.framework */ = {isa = PBXFileReference; lastKnownFileType = wrapper.framework; name = WidgetKit.framework; path = System/Library/Frameworks/WidgetKit.framework; sourceTree = SDKROOT; };
		00F6AF4D2EDDD6CC003B6EBE /* SwiftUI.framework */ = {isa = PBXFileReference; lastKnownFileType = wrapper.framework; name = SwiftUI.framework; path = System/Library/Frameworks/SwiftUI.framework; sourceTree = SDKROOT; };
		00F6AF5F2EDDD722003B6EBE /* PulseWidgetExtension.entitlements */ = {isa = PBXFileReference; lastKnownFileType = text.plist.entitlements; path = PulseWidgetExtension.entitlements; sourceTree = "<group>"; };
		00F6AF802EDDD9F5003B6EBE /* .gitignore */ = {isa = PBXFileReference; lastKnownFileType = text; path = .gitignore; sourceTree = "<group>"; };
		00F6AF822EDDDA27003B6EBE /* .gitattributes */ = {isa = PBXFileReference; lastKnownFileType = text; path = .gitattributes; sourceTree = "<group>"; };
		00F6AF842EDDDA59003B6EBE /* README.md */ = {isa = PBXFileReference; lastKnownFileType = net.daringfireball.markdown; path = README.md; sourceTree = "<group>"; };
		00F6AF882EDDDB45003B6EBE /* LICENSE */ = {isa = PBXFileReference; lastKnownFileType = text; path = LICENSE; sourceTree = "<group>"; };
/* End PBXFileReference section */

/* Begin PBXFileSystemSynchronizedBuildFileExceptionSet section */
		00F6AF442EDDD582003B6EBE /* Exceptions for "Pulse" folder in "Pulse" target */ = {
			isa = PBXFileSystemSynchronizedBuildFileExceptionSet;
			membershipExceptions = (
				Resources/Info.plist,
			);
			target = 00F6AF152EDDD410003B6EBE /* Pulse */;
		};
		00F6AF5D2EDDD6CD003B6EBE /* Exceptions for "PulseWidget" folder in "PulseWidgetExtension" target */ = {
			isa = PBXFileSystemSynchronizedBuildFileExceptionSet;
			membershipExceptions = (
				Info.plist,
			);
			target = 00F6AF482EDDD6CC003B6EBE /* PulseWidgetExtension */;
		};
/* End PBXFileSystemSynchronizedBuildFileExceptionSet section */

/* Begin PBXFileSystemSynchronizedRootGroup section */
		00F6AF182EDDD410003B6EBE /* Pulse */ = {
			isa = PBXFileSystemSynchronizedRootGroup;
			exceptions = (
				00F6AF442EDDD582003B6EBE /* Exceptions for "Pulse" folder in "Pulse" target */,
			);
			path = Pulse;
			sourceTree = "<group>";
		};
		00F6AF282EDDD411003B6EBE /* PulseTests */ = {
			isa = PBXFileSystemSynchronizedRootGroup;
			path = PulseTests;
			sourceTree = "<group>";
		};
		00F6AF322EDDD411003B6EBE /* PulseUITests */ = {
			isa = PBXFileSystemSynchronizedRootGroup;
			path = PulseUITests;
			sourceTree = "<group>";
		};
		00F6AF4F2EDDD6CC003B6EBE /* PulseWidget */ = {
			isa = PBXFileSystemSynchronizedRootGroup;
			exceptions = (
				00F6AF5D2EDDD6CD003B6EBE /* Exceptions for "PulseWidget" folder in "PulseWidgetExtension" target */,
			);
			path = PulseWidget;
			sourceTree = "<group>";
		};
/* End PBXFileSystemSynchronizedRootGroup section */

/* Begin PBXFrameworksBuildPhase section */
		00F6AF132EDDD410003B6EBE /* Frameworks */ = {
			isa = PBXFrameworksBuildPhase;
			buildActionMask = 2147483647;
			files = (
			);
			runOnlyForDeploymentPostprocessing = 0;
		};
		00F6AF222EDDD411003B6EBE /* Frameworks */ = {
			isa = PBXFrameworksBuildPhase;
			buildActionMask = 2147483647;
			files = (
			);
			runOnlyForDeploymentPostprocessing = 0;
		};
		00F6AF2C2EDDD411003B6EBE /* Frameworks */ = {
			isa = PBXFrameworksBuildPhase;
			buildActionMask = 2147483647;
			files = (
			);
			runOnlyForDeploymentPostprocessing = 0;
		};
		00F6AF462EDDD6CC003B6EBE /* Frameworks */ = {
			isa = PBXFrameworksBuildPhase;
			buildActionMask = 2147483647;
			files = (
				00F6AF4E2EDDD6CC003B6EBE /* SwiftUI.framework in Frameworks */,
				00F6AF4C2EDDD6CC003B6EBE /* WidgetKit.framework in Frameworks */,
			);
			runOnlyForDeploymentPostprocessing = 0;
		};
/* End PBXFrameworksBuildPhase section */

/* Begin PBXGroup section */
		00F6AF0D2EDDD410003B6EBE = {
			isa = PBXGroup;
			children = (
				00F6AF882EDDDB45003B6EBE /* LICENSE */,
				00F6AF842EDDDA59003B6EBE /* README.md */,
				00F6AF822EDDDA27003B6EBE /* .gitattributes */,
				00F6AF802EDDD9F5003B6EBE /* .gitignore */,
				00F6AF5F2EDDD722003B6EBE /* PulseWidgetExtension.entitlements */,
				00F6AF182EDDD410003B6EBE /* Pulse */,
				00F6AF282EDDD411003B6EBE /* PulseTests */,
				00F6AF322EDDD411003B6EBE /* PulseUITests */,
				00F6AF4F2EDDD6CC003B6EBE /* PulseWidget */,
				00F6AF4A2EDDD6CC003B6EBE /* Frameworks */,
				00F6AF172EDDD410003B6EBE /* Products */,
			);
			sourceTree = "<group>";
		};
		00F6AF172EDDD410003B6EBE /* Products */ = {
			isa = PBXGroup;
			children = (
				00F6AF162EDDD410003B6EBE /* Pulse.app */,
				00F6AF252EDDD411003B6EBE /* PulseTests.xctest */,
				00F6AF2F2EDDD411003B6EBE /* PulseUITests.xctest */,
				00F6AF492EDDD6CC003B6EBE /* PulseWidgetExtension.appex */,
			);
			name = Products;
			sourceTree = "<group>";
		};
		00F6AF4A2EDDD6CC003B6EBE /* Frameworks */ = {
			isa = PBXGroup;
			children = (
				00F6AF4B2EDDD6CC003B6EBE /* WidgetKit.framework */,
				00F6AF4D2EDDD6CC003B6EBE /* SwiftUI.framework */,
			);
			name = Frameworks;
			sourceTree = "<group>";
		};
/* End PBXGroup section */

/* Begin PBXNativeTarget section */
		00F6AF152EDDD410003B6EBE /* Pulse */ = {
			isa = PBXNativeTarget;
			buildConfigurationList = 00F6AF392EDDD411003B6EBE /* Build configuration list for PBXNativeTarget "Pulse" */;
			buildPhases = (
				00F6AF122EDDD410003B6EBE /* Sources */,
				00F6AF132EDDD410003B6EBE /* Frameworks */,
				00F6AF142EDDD410003B6EBE /* Resources */,
				00F6AF5E2EDDD6CD003B6EBE /* Embed Foundation Extensions */,
			);
			buildRules = (
			);
			dependencies = (
				00F6AF582EDDD6CD003B6EBE /* PBXTargetDependency */,
			);
			fileSystemSynchronizedGroups = (
				00F6AF182EDDD410003B6EBE /* Pulse */,
			);
			name = Pulse;
			packageProductDependencies = (
			);
			productName = Pulse;
			productReference = 00F6AF162EDDD410003B6EBE /* Pulse.app */;
			productType = "com.apple.product-type.application";
		};
		00F6AF242EDDD411003B6EBE /* PulseTests */ = {
			isa = PBXNativeTarget;
			buildConfigurationList = 00F6AF3C2EDDD411003B6EBE /* Build configuration list for PBXNativeTarget "PulseTests" */;
			buildPhases = (
				00F6AF212EDDD411003B6EBE /* Sources */,
				00F6AF222EDDD411003B6EBE /* Frameworks */,
				00F6AF232EDDD411003B6EBE /* Resources */,
			);
			buildRules = (
			);
			dependencies = (
				00F6AF272EDDD411003B6EBE /* PBXTargetDependency */,
			);
			fileSystemSynchronizedGroups = (
				00F6AF282EDDD411003B6EBE /* PulseTests */,
			);
			name = PulseTests;
			packageProductDependencies = (
			);
			productName = PulseTests;
			productReference = 00F6AF252EDDD411003B6EBE /* PulseTests.xctest */;
			productType = "com.apple.product-type.bundle.unit-test";
		};
		00F6AF2E2EDDD411003B6EBE /* PulseUITests */ = {
			isa = PBXNativeTarget;
			buildConfigurationList = 00F6AF3F2EDDD411003B6EBE /* Build configuration list for PBXNativeTarget "PulseUITests" */;
			buildPhases = (
				00F6AF2B2EDDD411003B6EBE /* Sources */,
				00F6AF2C2EDDD411003B6EBE /* Frameworks */,
				00F6AF2D2EDDD411003B6EBE /* Resources */,
			);
			buildRules = (
			);
			dependencies = (
				00F6AF312EDDD411003B6EBE /* PBXTargetDependency */,
			);
			fileSystemSynchronizedGroups = (
				00F6AF322EDDD411003B6EBE /* PulseUITests */,
			);
			name = PulseUITests;
			packageProductDependencies = (
			);
			productName = PulseUITests;
			productReference = 00F6AF2F2EDDD411003B6EBE /* PulseUITests.xctest */;
			productType = "com.apple.product-type.bundle.ui-testing";
		};
		00F6AF482EDDD6CC003B6EBE /* PulseWidgetExtension */ = {
			isa = PBXNativeTarget;
			buildConfigurationList = 00F6AF5A2EDDD6CD003B6EBE /* Build configuration list for PBXNativeTarget "PulseWidgetExtension" */;
			buildPhases = (
				00F6AF452EDDD6CC003B6EBE /* Sources */,
				00F6AF462EDDD6CC003B6EBE /* Frameworks */,
				00F6AF472EDDD6CC003B6EBE /* Resources */,
			);
			buildRules = (
			);
			dependencies = (
			);
			fileSystemSynchronizedGroups = (
				00F6AF4F2EDDD6CC003B6EBE /* PulseWidget */,
			);
			name = PulseWidgetExtension;
			packageProductDependencies = (
			);
			productName = PulseWidgetExtension;
			productReference = 00F6AF492EDDD6CC003B6EBE /* PulseWidgetExtension.appex */;
			productType = "com.apple.product-type.app-extension";
		};
/* End PBXNativeTarget section */

/* Begin PBXProject section */
		00F6AF0E2EDDD410003B6EBE /* Project object */ = {
			isa = PBXProject;
			attributes = {
				BuildIndependentTargetsInParallel = 1;
				LastSwiftUpdateCheck = 2600;
				LastUpgradeCheck = 2600;
				TargetAttributes = {
					00F6AF152EDDD410003B6EBE = {
						CreatedOnToolsVersion = 26.0;
					};
					00F6AF242EDDD411003B6EBE = {
						CreatedOnToolsVersion = 26.0;
						TestTargetID = 00F6AF152EDDD410003B6EBE;
					};
					00F6AF2E2EDDD411003B6EBE = {
						CreatedOnToolsVersion = 26.0;
						TestTargetID = 00F6AF152EDDD410003B6EBE;
					};
					00F6AF482EDDD6CC003B6EBE = {
						CreatedOnToolsVersion = 26.0;
					};
				};
			};
			buildConfigurationList = 00F6AF112EDDD410003B6EBE /* Build configuration list for PBXProject "Pulse" */;
			developmentRegion = en;
			hasScannedForEncodings = 0;
			knownRegions = (
				en,
				Base,
			);
			mainGroup = 00F6AF0D2EDDD410003B6EBE;
			minimizedProjectReferenceProxies = 1;
			preferredProjectObjectVersion = 77;
			productRefGroup = 00F6AF172EDDD410003B6EBE /* Products */;
			projectDirPath = "";
			projectRoot = "";
			targets = (
				00F6AF152EDDD410003B6EBE /* Pulse */,
				00F6AF242EDDD411003B6EBE /* PulseTests */,
				00F6AF2E2EDDD411003B6EBE /* PulseUITests */,
				00F6AF482EDDD6CC003B6EBE /* PulseWidgetExtension */,
			);
		};
/* End PBXProject section */

/* Begin PBXResourcesBuildPhase section */
		00F6AF142EDDD410003B6EBE /* Resources */ = {
			isa = PBXResourcesBuildPhase;
			buildActionMask = 2147483647;
			files = (
				00F6AF812EDDD9F5003B6EBE /* .gitignore in Resources */,
				00F6AF832EDDDA27003B6EBE /* .gitattributes in Resources */,
				00F6AF852EDDDA59003B6EBE /* README.md in Resources */,
				00F6AF892EDDDB45003B6EBE /* LICENSE in Resources */,
			);
			runOnlyForDeploymentPostprocessing = 0;
		};
		00F6AF232EDDD411003B6EBE /* Resources */ = {
			isa = PBXResourcesBuildPhase;
			buildActionMask = 2147483647;
			files = (
			);
			runOnlyForDeploymentPostprocessing = 0;
		};
		00F6AF2D2EDDD411003B6EBE /* Resources */ = {
			isa = PBXResourcesBuildPhase;
			buildActionMask = 2147483647;
			files = (
			);
			runOnlyForDeploymentPostprocessing = 0;
		};
		00F6AF472EDDD6CC003B6EBE /* Resources */ = {
			isa = PBXResourcesBuildPhase;
			buildActionMask = 2147483647;
			files = (
			);
			runOnlyForDeploymentPostprocessing = 0;
		};
/* End PBXResourcesBuildPhase section */

/* Begin PBXSourcesBuildPhase section */
		00F6AF122EDDD410003B6EBE /* Sources */ = {
			isa = PBXSourcesBuildPhase;
			buildActionMask = 2147483647;
			files = (
			);
			runOnlyForDeploymentPostprocessing = 0;
		};
		00F6AF212EDDD411003B6EBE /* Sources */ = {
			isa = PBXSourcesBuildPhase;
			buildActionMask = 2147483647;
			files = (
			);
			runOnlyForDeploymentPostprocessing = 0;
		};
		00F6AF2B2EDDD411003B6EBE /* Sources */ = {
			isa = PBXSourcesBuildPhase;
			buildActionMask = 2147483647;
			files = (
			);
			runOnlyForDeploymentPostprocessing = 0;
		};
		00F6AF452EDDD6CC003B6EBE /* Sources */ = {
			isa = PBXSourcesBuildPhase;
			buildActionMask = 2147483647;
			files = (
			);
			runOnlyForDeploymentPostprocessing = 0;
		};
/* End PBXSourcesBuildPhase section */

/* Begin PBXTargetDependency section */
		00F6AF272EDDD411003B6EBE /* PBXTargetDependency */ = {
			isa = PBXTargetDependency;
			target = 00F6AF152EDDD410003B6EBE /* Pulse */;
			targetProxy = 00F6AF262EDDD411003B6EBE /* PBXContainerItemProxy */;
		};
		00F6AF312EDDD411003B6EBE /* PBXTargetDependency */ = {
			isa = PBXTargetDependency;
			target = 00F6AF152EDDD410003B6EBE /* Pulse */;
			targetProxy = 00F6AF302EDDD411003B6EBE /* PBXContainerItemProxy */;
		};
		00F6AF582EDDD6CD003B6EBE /* PBXTargetDependency */ = {
			isa = PBXTargetDependency;
			target = 00F6AF482EDDD6CC003B6EBE /* PulseWidgetExtension */;
			targetProxy = 00F6AF572EDDD6CD003B6EBE /* PBXContainerItemProxy */;
		};
/* End PBXTargetDependency section */

/* Begin XCBuildConfiguration section */
		00F6AF372EDDD411003B6EBE /* Debug */ = {
			isa = XCBuildConfiguration;
			buildSettings = {
				ALWAYS_SEARCH_USER_PATHS = NO;
				ASSETCATALOG_COMPILER_GENERATE_SWIFT_ASSET_SYMBOL_EXTENSIONS = YES;
				CLANG_ANALYZER_NONNULL = YES;
				CLANG_ANALYZER_NUMBER_OBJECT_CONVERSION = YES_AGGRESSIVE;
				CLANG_CXX_LANGUAGE_STANDARD = "gnu++20";
				CLANG_ENABLE_MODULES = YES;
				CLANG_ENABLE_OBJC_ARC = YES;
				CLANG_ENABLE_OBJC_WEAK = YES;
				CLANG_WARN_BLOCK_CAPTURE_AUTORELEASING = YES;
				CLANG_WARN_BOOL_CONVERSION = YES;
				CLANG_WARN_COMMA = YES;
				CLANG_WARN_CONSTANT_CONVERSION = YES;
				CLANG_WARN_DEPRECATED_OBJC_IMPLEMENTATIONS = YES;
				CLANG_WARN_DIRECT_OBJC_ISA_USAGE = YES_ERROR;
				CLANG_WARN_DOCUMENTATION_COMMENTS = YES;
				CLANG_WARN_EMPTY_BODY = YES;
				CLANG_WARN_ENUM_CONVERSION = YES;
				CLANG_WARN_INFINITE_RECURSION = YES;
				CLANG_WARN_INT_CONVERSION = YES;
				CLANG_WARN_NON_LITERAL_NULL_CONVERSION = YES;
				CLANG_WARN_OBJC_IMPLICIT_RETAIN_SELF = YES;
				CLANG_WARN_OBJC_LITERAL_CONVERSION = YES;
				CLANG_WARN_OBJC_ROOT_CLASS = YES_ERROR;
				CLANG_WARN_QUOTED_INCLUDE_IN_FRAMEWORK_HEADER = YES;
				CLANG_WARN_RANGE_LOOP_ANALYSIS = YES;
				CLANG_WARN_STRICT_PROTOTYPES = YES;
				CLANG_WARN_SUSPICIOUS_MOVE = YES;
				CLANG_WARN_UNGUARDED_AVAILABILITY = YES_AGGRESSIVE;
				CLANG_WARN_UNREACHABLE_CODE = YES;
				CLANG_WARN__DUPLICATE_METHOD_MATCH = YES;
				COPY_PHASE_STRIP = NO;
				DEBUG_INFORMATION_FORMAT = dwarf;
				DEVELOPMENT_TEAM = H7795SJ9FD;
				ENABLE_STRICT_OBJC_MSGSEND = YES;
				ENABLE_TESTABILITY = YES;
				ENABLE_USER_SCRIPT_SANDBOXING = YES;
				GCC_C_LANGUAGE_STANDARD = gnu17;
				GCC_DYNAMIC_NO_PIC = NO;
				GCC_NO_COMMON_BLOCKS = YES;
				GCC_OPTIMIZATION_LEVEL = 0;
				GCC_PREPROCESSOR_DEFINITIONS = (
					"DEBUG=1",
					"$(inherited)",
				);
				GCC_WARN_64_TO_32_BIT_CONVERSION = YES;
				GCC_WARN_ABOUT_RETURN_TYPE = YES_ERROR;
				GCC_WARN_UNDECLARED_SELECTOR = YES;
				GCC_WARN_UNINITIALIZED_AUTOS = YES_AGGRESSIVE;
				GCC_WARN_UNUSED_FUNCTION = YES;
				GCC_WARN_UNUSED_VARIABLE = YES;
				IPHONEOS_DEPLOYMENT_TARGET = 26.0;
				LOCALIZATION_PREFERS_STRING_CATALOGS = YES;
				MTL_ENABLE_DEBUG_INFO = INCLUDE_SOURCE;
				MTL_FAST_MATH = YES;
				ONLY_ACTIVE_ARCH = YES;
				SDKROOT = iphoneos;
				SWIFT_ACTIVE_COMPILATION_CONDITIONS = "DEBUG $(inherited)";
				SWIFT_OPTIMIZATION_LEVEL = "-Onone";
			};
			name = Debug;
		};
		00F6AF382EDDD411003B6EBE /* Release */ = {
			isa = XCBuildConfiguration;
			buildSettings = {
				ALWAYS_SEARCH_USER_PATHS = NO;
				ASSETCATALOG_COMPILER_GENERATE_SWIFT_ASSET_SYMBOL_EXTENSIONS = YES;
				CLANG_ANALYZER_NONNULL = YES;
				CLANG_ANALYZER_NUMBER_OBJECT_CONVERSION = YES_AGGRESSIVE;
				CLANG_CXX_LANGUAGE_STANDARD = "gnu++20";
				CLANG_ENABLE_MODULES = YES;
				CLANG_ENABLE_OBJC_ARC = YES;
				CLANG_ENABLE_OBJC_WEAK = YES;
				CLANG_WARN_BLOCK_CAPTURE_AUTORELEASING = YES;
				CLANG_WARN_BOOL_CONVERSION = YES;
				CLANG_WARN_COMMA = YES;
				CLANG_WARN_CONSTANT_CONVERSION = YES;
				CLANG_WARN_DEPRECATED_OBJC_IMPLEMENTATIONS = YES;
				CLANG_WARN_DIRECT_OBJC_ISA_USAGE = YES_ERROR;
				CLANG_WARN_DOCUMENTATION_COMMENTS = YES;
				CLANG_WARN_EMPTY_BODY = YES;
				CLANG_WARN_ENUM_CONVERSION = YES;
				CLANG_WARN_INFINITE_RECURSION = YES;
				CLANG_WARN_INT_CONVERSION = YES;
				CLANG_WARN_NON_LITERAL_NULL_CONVERSION = YES;
				CLANG_WARN_OBJC_IMPLICIT_RETAIN_SELF = YES;
				CLANG_WARN_OBJC_LITERAL_CONVERSION = YES;
				CLANG_WARN_OBJC_ROOT_CLASS = YES_ERROR;
				CLANG_WARN_QUOTED_INCLUDE_IN_FRAMEWORK_HEADER = YES;
				CLANG_WARN_RANGE_LOOP_ANALYSIS = YES;
				CLANG_WARN_STRICT_PROTOTYPES = YES;
				CLANG_WARN_SUSPICIOUS_MOVE = YES;
				CLANG_WARN_UNGUARDED_AVAILABILITY = YES_AGGRESSIVE;
				CLANG_WARN_UNREACHABLE_CODE = YES;
				CLANG_WARN__DUPLICATE_METHOD_MATCH = YES;
				COPY_PHASE_STRIP = NO;
				DEBUG_INFORMATION_FORMAT = "dwarf-with-dsym";
				DEVELOPMENT_TEAM = H7795SJ9FD;
				ENABLE_NS_ASSERTIONS = NO;
				ENABLE_STRICT_OBJC_MSGSEND = YES;
				ENABLE_USER_SCRIPT_SANDBOXING = YES;
				GCC_C_LANGUAGE_STANDARD = gnu17;
				GCC_NO_COMMON_BLOCKS = YES;
				GCC_WARN_64_TO_32_BIT_CONVERSION = YES;
				GCC_WARN_ABOUT_RETURN_TYPE = YES_ERROR;
				GCC_WARN_UNDECLARED_SELECTOR = YES;
				GCC_WARN_UNINITIALIZED_AUTOS = YES_AGGRESSIVE;
				GCC_WARN_UNUSED_FUNCTION = YES;
				GCC_WARN_UNUSED_VARIABLE = YES;
				IPHONEOS_DEPLOYMENT_TARGET = 26.0;
				LOCALIZATION_PREFERS_STRING_CATALOGS = YES;
				MTL_ENABLE_DEBUG_INFO = NO;
				MTL_FAST_MATH = YES;
				SDKROOT = iphoneos;
				SWIFT_COMPILATION_MODE = wholemodule;
				VALIDATE_PRODUCT = YES;
			};
			name = Release;
		};
		00F6AF3A2EDDD411003B6EBE /* Debug */ = {
			isa = XCBuildConfiguration;
			buildSettings = {
				ASSETCATALOG_COMPILER_APPICON_NAME = AppIcon;
				ASSETCATALOG_COMPILER_GLOBAL_ACCENT_COLOR_NAME = AccentColor;
				CODE_SIGN_ENTITLEMENTS = Pulse/Pulse.entitlements;
				CODE_SIGN_STYLE = Automatic;
				CURRENT_PROJECT_VERSION = 1;
				DEVELOPMENT_TEAM = H7795SJ9FD;
				ENABLE_PREVIEWS = YES;
				GENERATE_INFOPLIST_FILE = YES;
				INFOPLIST_FILE = Pulse/Resources/Info.plist;
				INFOPLIST_KEY_NSHealthUpdateUsageDescription = "Pulse does not write any data to Apple Health.";
				INFOPLIST_KEY_UIApplicationSceneManifest_Generation = YES;
				INFOPLIST_KEY_UIApplicationSupportsIndirectInputEvents = YES;
				INFOPLIST_KEY_UILaunchScreen_Generation = YES;
				INFOPLIST_KEY_UISupportedInterfaceOrientations_iPad = "UIInterfaceOrientationPortrait UIInterfaceOrientationPortraitUpsideDown UIInterfaceOrientationLandscapeLeft UIInterfaceOrientationLandscapeRight";
				INFOPLIST_KEY_UISupportedInterfaceOrientations_iPhone = "UIInterfaceOrientationPortrait UIInterfaceOrientationLandscapeLeft UIInterfaceOrientationLandscapeRight";
				LD_RUNPATH_SEARCH_PATHS = (
					"$(inherited)",
					"@executable_path/Frameworks",
				);
				MARKETING_VERSION = 1.0;
				PRODUCT_BUNDLE_IDENTIFIER = net.devonmartin.Pulse;
				PRODUCT_NAME = "$(TARGET_NAME)";
				STRING_CATALOG_GENERATE_SYMBOLS = YES;
				SWIFT_APPROACHABLE_CONCURRENCY = YES;
				SWIFT_DEFAULT_ACTOR_ISOLATION = MainActor;
				SWIFT_EMIT_LOC_STRINGS = YES;
				SWIFT_UPCOMING_FEATURE_MEMBER_IMPORT_VISIBILITY = YES;
				SWIFT_VERSION = 5.0;
				TARGETED_DEVICE_FAMILY = "1,2";
			};
			name = Debug;
		};
		00F6AF3B2EDDD411003B6EBE /* Release */ = {
			isa = XCBuildConfiguration;
			buildSettings = {
				ASSETCATALOG_COMPILER_APPICON_NAME = AppIcon;
				ASSETCATALOG_COMPILER_GLOBAL_ACCENT_COLOR_NAME = AccentColor;
				CODE_SIGN_ENTITLEMENTS = Pulse/Pulse.entitlements;
				CODE_SIGN_STYLE = Automatic;
				CURRENT_PROJECT_VERSION = 1;
				DEVELOPMENT_TEAM = H7795SJ9FD;
				ENABLE_PREVIEWS = YES;
				GENERATE_INFOPLIST_FILE = YES;
				INFOPLIST_FILE = Pulse/Resources/Info.plist;
				INFOPLIST_KEY_NSHealthUpdateUsageDescription = "Pulse does not write any data to Apple Health.";
				INFOPLIST_KEY_UIApplicationSceneManifest_Generation = YES;
				INFOPLIST_KEY_UIApplicationSupportsIndirectInputEvents = YES;
				INFOPLIST_KEY_UILaunchScreen_Generation = YES;
				INFOPLIST_KEY_UISupportedInterfaceOrientations_iPad = "UIInterfaceOrientationPortrait UIInterfaceOrientationPortraitUpsideDown UIInterfaceOrientationLandscapeLeft UIInterfaceOrientationLandscapeRight";
				INFOPLIST_KEY_UISupportedInterfaceOrientations_iPhone = "UIInterfaceOrientationPortrait UIInterfaceOrientationLandscapeLeft UIInterfaceOrientationLandscapeRight";
				LD_RUNPATH_SEARCH_PATHS = (
					"$(inherited)",
					"@executable_path/Frameworks",
				);
				MARKETING_VERSION = 1.0;
				PRODUCT_BUNDLE_IDENTIFIER = net.devonmartin.Pulse;
				PRODUCT_NAME = "$(TARGET_NAME)";
				STRING_CATALOG_GENERATE_SYMBOLS = YES;
				SWIFT_APPROACHABLE_CONCURRENCY = YES;
				SWIFT_DEFAULT_ACTOR_ISOLATION = MainActor;
				SWIFT_EMIT_LOC_STRINGS = YES;
				SWIFT_UPCOMING_FEATURE_MEMBER_IMPORT_VISIBILITY = YES;
				SWIFT_VERSION = 5.0;
				TARGETED_DEVICE_FAMILY = "1,2";
			};
			name = Release;
		};
		00F6AF3D2EDDD411003B6EBE /* Debug */ = {
			isa = XCBuildConfiguration;
			buildSettings = {
				BUNDLE_LOADER = "$(TEST_HOST)";
				CODE_SIGN_STYLE = Automatic;
				CURRENT_PROJECT_VERSION = 1;
				DEVELOPMENT_TEAM = H7795SJ9FD;
				GENERATE_INFOPLIST_FILE = YES;
				IPHONEOS_DEPLOYMENT_TARGET = 26.0;
				MARKETING_VERSION = 1.0;
				PRODUCT_BUNDLE_IDENTIFIER = net.devonmartin.PulseTests;
				PRODUCT_NAME = "$(TARGET_NAME)";
				STRING_CATALOG_GENERATE_SYMBOLS = NO;
				SWIFT_APPROACHABLE_CONCURRENCY = YES;
				SWIFT_EMIT_LOC_STRINGS = NO;
				SWIFT_UPCOMING_FEATURE_MEMBER_IMPORT_VISIBILITY = YES;
				SWIFT_VERSION = 5.0;
				TARGETED_DEVICE_FAMILY = "1,2";
				TEST_HOST = "$(BUILT_PRODUCTS_DIR)/Pulse.app/$(BUNDLE_EXECUTABLE_FOLDER_PATH)/Pulse";
			};
			name = Debug;
		};
		00F6AF3E2EDDD411003B6EBE /* Release */ = {
			isa = XCBuildConfiguration;
			buildSettings = {
				BUNDLE_LOADER = "$(TEST_HOST)";
				CODE_SIGN_STYLE = Automatic;
				CURRENT_PROJECT_VERSION = 1;
				DEVELOPMENT_TEAM = H7795SJ9FD;
				GENERATE_INFOPLIST_FILE = YES;
				IPHONEOS_DEPLOYMENT_TARGET = 26.0;
				MARKETING_VERSION = 1.0;
				PRODUCT_BUNDLE_IDENTIFIER = net.devonmartin.PulseTests;
				PRODUCT_NAME = "$(TARGET_NAME)";
				STRING_CATALOG_GENERATE_SYMBOLS = NO;
				SWIFT_APPROACHABLE_CONCURRENCY = YES;
				SWIFT_EMIT_LOC_STRINGS = NO;
				SWIFT_UPCOMING_FEATURE_MEMBER_IMPORT_VISIBILITY = YES;
				SWIFT_VERSION = 5.0;
				TARGETED_DEVICE_FAMILY = "1,2";
				TEST_HOST = "$(BUILT_PRODUCTS_DIR)/Pulse.app/$(BUNDLE_EXECUTABLE_FOLDER_PATH)/Pulse";
			};
			name = Release;
		};
		00F6AF402EDDD411003B6EBE /* Debug */ = {
			isa = XCBuildConfiguration;
			buildSettings = {
				CODE_SIGN_STYLE = Automatic;
				CURRENT_PROJECT_VERSION = 1;
				DEVELOPMENT_TEAM = H7795SJ9FD;
				GENERATE_INFOPLIST_FILE = YES;
				MARKETING_VERSION = 1.0;
				PRODUCT_BUNDLE_IDENTIFIER = net.devonmartin.PulseUITests;
				PRODUCT_NAME = "$(TARGET_NAME)";
				STRING_CATALOG_GENERATE_SYMBOLS = NO;
				SWIFT_APPROACHABLE_CONCURRENCY = YES;
				SWIFT_EMIT_LOC_STRINGS = NO;
				SWIFT_UPCOMING_FEATURE_MEMBER_IMPORT_VISIBILITY = YES;
				SWIFT_VERSION = 5.0;
				TARGETED_DEVICE_FAMILY = "1,2";
				TEST_TARGET_NAME = Pulse;
			};
			name = Debug;
		};
		00F6AF412EDDD411003B6EBE /* Release */ = {
			isa = XCBuildConfiguration;
			buildSettings = {
				CODE_SIGN_STYLE = Automatic;
				CURRENT_PROJECT_VERSION = 1;
				DEVELOPMENT_TEAM = H7795SJ9FD;
				GENERATE_INFOPLIST_FILE = YES;
				MARKETING_VERSION = 1.0;
				PRODUCT_BUNDLE_IDENTIFIER = net.devonmartin.PulseUITests;
				PRODUCT_NAME = "$(TARGET_NAME)";
				STRING_CATALOG_GENERATE_SYMBOLS = NO;
				SWIFT_APPROACHABLE_CONCURRENCY = YES;
				SWIFT_EMIT_LOC_STRINGS = NO;
				SWIFT_UPCOMING_FEATURE_MEMBER_IMPORT_VISIBILITY = YES;
				SWIFT_VERSION = 5.0;
				TARGETED_DEVICE_FAMILY = "1,2";
				TEST_TARGET_NAME = Pulse;
			};
			name = Release;
		};
		00F6AF5B2EDDD6CD003B6EBE /* Debug */ = {
			isa = XCBuildConfiguration;
			buildSettings = {
				ASSETCATALOG_COMPILER_GLOBAL_ACCENT_COLOR_NAME = AccentColor;
				ASSETCATALOG_COMPILER_WIDGET_BACKGROUND_COLOR_NAME = WidgetBackground;
				CODE_SIGN_ENTITLEMENTS = PulseWidgetExtension.entitlements;
				CODE_SIGN_STYLE = Automatic;
				CURRENT_PROJECT_VERSION = 1;
				DEVELOPMENT_TEAM = H7795SJ9FD;
				GENERATE_INFOPLIST_FILE = YES;
				INFOPLIST_FILE = PulseWidget/Info.plist;
				INFOPLIST_KEY_CFBundleDisplayName = PulseWidget;
				INFOPLIST_KEY_NSHumanReadableCopyright = "";
				LD_RUNPATH_SEARCH_PATHS = (
					"$(inherited)",
					"@executable_path/Frameworks",
					"@executable_path/../../Frameworks",
				);
				MARKETING_VERSION = 1.0;
				PRODUCT_BUNDLE_IDENTIFIER = net.devonmartin.Pulse.PulseWidget;
				PRODUCT_NAME = "$(TARGET_NAME)";
				SKIP_INSTALL = YES;
				STRING_CATALOG_GENERATE_SYMBOLS = YES;
				SWIFT_APPROACHABLE_CONCURRENCY = YES;
				SWIFT_EMIT_LOC_STRINGS = YES;
				SWIFT_UPCOMING_FEATURE_MEMBER_IMPORT_VISIBILITY = YES;
				SWIFT_VERSION = 5.0;
				TARGETED_DEVICE_FAMILY = "1,2";
			};
			name = Debug;
		};
		00F6AF5C2EDDD6CD003B6EBE /* Release */ = {
			isa = XCBuildConfiguration;
			buildSettings = {
				ASSETCATALOG_COMPILER_GLOBAL_ACCENT_COLOR_NAME = AccentColor;
				ASSETCATALOG_COMPILER_WIDGET_BACKGROUND_COLOR_NAME = WidgetBackground;
				CODE_SIGN_ENTITLEMENTS = PulseWidgetExtension.entitlements;
				CODE_SIGN_STYLE = Automatic;
				CURRENT_PROJECT_VERSION = 1;
				DEVELOPMENT_TEAM = H7795SJ9FD;
				GENERATE_INFOPLIST_FILE = YES;
				INFOPLIST_FILE = PulseWidget/Info.plist;
				INFOPLIST_KEY_CFBundleDisplayName = PulseWidget;
				INFOPLIST_KEY_NSHumanReadableCopyright = "";
				LD_RUNPATH_SEARCH_PATHS = (
					"$(inherited)",
					"@executable_path/Frameworks",
					"@executable_path/../../Frameworks",
				);
				MARKETING_VERSION = 1.0;
				PRODUCT_BUNDLE_IDENTIFIER = net.devonmartin.Pulse.PulseWidget;
				PRODUCT_NAME = "$(TARGET_NAME)";
				SKIP_INSTALL = YES;
				STRING_CATALOG_GENERATE_SYMBOLS = YES;
				SWIFT_APPROACHABLE_CONCURRENCY = YES;
				SWIFT_EMIT_LOC_STRINGS = YES;
				SWIFT_UPCOMING_FEATURE_MEMBER_IMPORT_VISIBILITY = YES;
				SWIFT_VERSION = 5.0;
				TARGETED_DEVICE_FAMILY = "1,2";
			};
			name = Release;
		};
/* End XCBuildConfiguration section */

/* Begin XCConfigurationList section */
		00F6AF112EDDD410003B6EBE /* Build configuration list for PBXProject "Pulse" */ = {
			isa = XCConfigurationList;
			buildConfigurations = (
				00F6AF372EDDD411003B6EBE /* Debug */,
				00F6AF382EDDD411003B6EBE /* Release */,
			);
			defaultConfigurationIsVisible = 0;
			defaultConfigurationName = Release;
		};
		00F6AF392EDDD411003B6EBE /* Build configuration list for PBXNativeTarget "Pulse" */ = {
			isa = XCConfigurationList;
			buildConfigurations = (
				00F6AF3A2EDDD411003B6EBE /* Debug */,
				00F6AF3B2EDDD411003B6EBE /* Release */,
			);
			defaultConfigurationIsVisible = 0;
			defaultConfigurationName = Release;
		};
		00F6AF3C2EDDD411003B6EBE /* Build configuration list for PBXNativeTarget "PulseTests" */ = {
			isa = XCConfigurationList;
			buildConfigurations = (
				00F6AF3D2EDDD411003B6EBE /* Debug */,
				00F6AF3E2EDDD411003B6EBE /* Release */,
			);
			defaultConfigurationIsVisible = 0;
			defaultConfigurationName = Release;
		};
		00F6AF3F2EDDD411003B6EBE /* Build configuration list for PBXNativeTarget "PulseUITests" */ = {
			isa = XCConfigurationList;
			buildConfigurations = (
				00F6AF402EDDD411003B6EBE /* Debug */,
				00F6AF412EDDD411003B6EBE /* Release */,
			);
			defaultConfigurationIsVisible = 0;
			defaultConfigurationName = Release;
		};
		00F6AF5A2EDDD6CD003B6EBE /* Build configuration list for PBXNativeTarget "PulseWidgetExtension" */ = {
			isa = XCConfigurationList;
			buildConfigurations = (
				00F6AF5B2EDDD6CD003B6EBE /* Debug */,
				00F6AF5C2EDDD6CD003B6EBE /* Release */,
			);
			defaultConfigurationIsVisible = 0;
			defaultConfigurationName = Release;
		};
/* End XCConfigurationList section */
	};
	rootObject = 00F6AF0E2EDDD410003B6EBE /* Project object */;
}
